
Microsoft Visual Studio Solution File, Format Version 12.00
# Visual Studio 15
Project("{FAE04EC0-301F-11D3-BF4B-00C04F79EFBC}") = "Assembly-CSharp-Editor", "Assembly-CSharp-Editor.csproj", "{2DC33F6F-03CB-289D-2024-A2E873811896}"
EndProject
Project("{FAE04EC0-301F-11D3-BF4B-00C04F79EFBC}") = "Assembly-CSharp", "Assembly-CSharp.csproj", "{AB3B36BE-CB08-F629-5424-66AEA4D3EAF7}"
EndProject
Global
	GlobalSection(SolutionConfigurationPlatforms) = preSolution
		Debug|Any CPU = Debug|Any CPU
		Release|Any CPU = Release|Any CPU
	EndGlobalSection
	GlobalSection(ProjectConfigurationPlatforms) = postSolution
		{2DC33F6F-03CB-289D-2024-A2E873811896}.Debug|Any CPU.ActiveCfg = Debug|Any CPU
		{2DC33F6F-03CB-289D-2024-A2E873811896}.Debug|Any CPU.Build.0 = Debug|Any CPU
		{2DC33F6F-03CB-289D-2024-A2E873811896}.Release|Any CPU.ActiveCfg = Release|Any CPU
		{2DC33F6F-03CB-289D-2024-A2E873811896}.Release|Any CPU.Build.0 = Release|Any CPU
		{AB3B36BE-CB08-F629-5424-66AEA4D3EAF7}.Debug|Any CPU.ActiveCfg = Debug|Any CPU
		{AB3B36BE-CB08-F629-5424-66AEA4D3EAF7}.Debug|Any CPU.Build.0 = Debug|Any CPU
		{AB3B36BE-CB08-F629-5424-66AEA4D3EAF7}.Release|Any CPU.ActiveCfg = Release|Any CPU
		{AB3B36BE-CB08-F629-5424-66AEA4D3EAF7}.Release|Any CPU.Build.0 = Release|Any CPU
	EndGlobalSection
	GlobalSection(SolutionProperties) = preSolution
		HideSolutionNode = FALSE
	EndGlobalSection
EndGlobal
